
Microsoft Visual Studio Solution File, Format Version 12.00
# Visual Studio Version 16
VisualStudioVersion = 16.0.30709.132
MinimumVisualStudioVersion = 10.0.40219.1
Project("{FAE04EC0-301F-11D3-BF4B-00C04F79EFBC}") = "Mediateka", "Mediateka\Mediateka.csproj", "{1BBD31B9-0DC8-4446-B9BC-177C0322F8AD}"
EndProject
Global
	GlobalSection(SolutionConfigurationPlatforms) = preSolution
		Debug|Any CPU = Debug|Any CPU
		Release|Any CPU = Release|Any CPU
	EndGlobalSection
	GlobalSection(ProjectConfigurationPlatforms) = postSolution
		{1BBD31B9-0DC8-4446-B9BC-177C0322F8AD}.Debug|Any CPU.ActiveCfg = Debug|Any CPU
		{1BBD31B9-0DC8-4446-B9BC-177C0322F8AD}.Debug|Any CPU.Build.0 = Debug|Any CPU
		{1BBD31B9-0DC8-4446-B9BC-177C0322F8AD}.Release|Any CPU.ActiveCfg = Release|Any CPU
		{1BBD31B9-0DC8-4446-B9BC-177C0322F8AD}.Release|Any CPU.Build.0 = Release|Any CPU
	EndGlobalSection
	GlobalSection(SolutionProperties) = preSolution
		HideSolutionNode = FALSE
	EndGlobalSection
	GlobalSection(ExtensibilityGlobals) = postSolution
		SolutionGuid = {40AD3366-D8FC-431B-8EB9-6A8BE771778D}
	EndGlobalSection
EndGlobal
